
Microsoft Visual Studio Solution File, Format Version 12.00
# Visual Studio 14
VisualStudioVersion = 14.0.25123.0
MinimumVisualStudioVersion = 10.0.40219.1
Project("{FAE04EC0-301F-11D3-BF4B-00C04F79EFBC}") = "HMS.Web.Main", "Hotel.Web\HMS.Web.Main.csproj", "{13CBF644-8112-433B-BE58-CABA21E5A8AE}"
EndProject
Project("{FAE04EC0-301F-11D3-BF4B-00C04F79EFBC}") = "Hotel.Domain", "Hotel.Domain\Hotel.Domain.csproj", "{DE13C8EF-DC0E-474B-B1FD-9D4CA45E5751}"
EndProject
Project("{FAE04EC0-301F-11D3-BF4B-00C04F79EFBC}") = "Hotel.Api", "Hotel.Api\Hotel.Api.csproj", "{13C3F8E5-6EF4-4DD2-9A9F-9FBF2B5A0A2D}"
EndProject
Project("{FAE04EC0-301F-11D3-BF4B-00C04F79EFBC}") = "Hotel.Persistence", "Hotel.Persistence\Hotel.Persistence.csproj", "{DAC30FA3-0AF0-4230-A086-C4D5EF7523B7}"
EndProject
Project("{FAE04EC0-301F-11D3-BF4B-00C04F79EFBC}") = "HMS.DependencyInjection", "HMS.DependencyInjection\HMS.DependencyInjection.csproj", "{D298C8E2-28ED-420E-9F11-D55E8DF6A25F}"
EndProject
Global
	GlobalSection(SolutionConfigurationPlatforms) = preSolution
		Debug|Any CPU = Debug|Any CPU
		Release|Any CPU = Release|Any CPU
	EndGlobalSection
	GlobalSection(ProjectConfigurationPlatforms) = postSolution
		{13CBF644-8112-433B-BE58-CABA21E5A8AE}.Debug|Any CPU.ActiveCfg = Debug|Any CPU
		{13CBF644-8112-433B-BE58-CABA21E5A8AE}.Debug|Any CPU.Build.0 = Debug|Any CPU
		{13CBF644-8112-433B-BE58-CABA21E5A8AE}.Release|Any CPU.ActiveCfg = Release|Any CPU
		{13CBF644-8112-433B-BE58-CABA21E5A8AE}.Release|Any CPU.Build.0 = Release|Any CPU
		{DE13C8EF-DC0E-474B-B1FD-9D4CA45E5751}.Debug|Any CPU.ActiveCfg = Debug|Any CPU
		{DE13C8EF-DC0E-474B-B1FD-9D4CA45E5751}.Debug|Any CPU.Build.0 = Debug|Any CPU
		{DE13C8EF-DC0E-474B-B1FD-9D4CA45E5751}.Release|Any CPU.ActiveCfg = Release|Any CPU
		{DE13C8EF-DC0E-474B-B1FD-9D4CA45E5751}.Release|Any CPU.Build.0 = Release|Any CPU
		{13C3F8E5-6EF4-4DD2-9A9F-9FBF2B5A0A2D}.Debug|Any CPU.ActiveCfg = Debug|Any CPU
		{13C3F8E5-6EF4-4DD2-9A9F-9FBF2B5A0A2D}.Debug|Any CPU.Build.0 = Debug|Any CPU
		{13C3F8E5-6EF4-4DD2-9A9F-9FBF2B5A0A2D}.Release|Any CPU.ActiveCfg = Release|Any CPU
		{13C3F8E5-6EF4-4DD2-9A9F-9FBF2B5A0A2D}.Release|Any CPU.Build.0 = Release|Any CPU
		{DAC30FA3-0AF0-4230-A086-C4D5EF7523B7}.Debug|Any CPU.ActiveCfg = Debug|Any CPU
		{DAC30FA3-0AF0-4230-A086-C4D5EF7523B7}.Debug|Any CPU.Build.0 = Debug|Any CPU
		{DAC30FA3-0AF0-4230-A086-C4D5EF7523B7}.Release|Any CPU.ActiveCfg = Release|Any CPU
		{DAC30FA3-0AF0-4230-A086-C4D5EF7523B7}.Release|Any CPU.Build.0 = Release|Any CPU
		{D298C8E2-28ED-420E-9F11-D55E8DF6A25F}.Debug|Any CPU.ActiveCfg = Debug|Any CPU
		{D298C8E2-28ED-420E-9F11-D55E8DF6A25F}.Debug|Any CPU.Build.0 = Debug|Any CPU
		{D298C8E2-28ED-420E-9F11-D55E8DF6A25F}.Release|Any CPU.ActiveCfg = Release|Any CPU
		{D298C8E2-28ED-420E-9F11-D55E8DF6A25F}.Release|Any CPU.Build.0 = Release|Any CPU
	EndGlobalSection
	GlobalSection(SolutionProperties) = preSolution
		HideSolutionNode = FALSE
	EndGlobalSection
EndGlobal
