
Microsoft Visual Studio Solution File, Format Version 12.00
# Visual Studio 14
VisualStudioVersion = 14.0.25123.0
MinimumVisualStudioVersion = 10.0.40219.1
Project("{FAE04EC0-301F-11D3-BF4B-00C04F79EFBC}") = "HMS.Web.Main", "HMS.Web.Main\HMS.Web.Main.csproj", "{13CBF644-8112-433B-BE58-CABA21E5A8AE}"
EndProject
Project("{FAE04EC0-301F-11D3-BF4B-00C04F79EFBC}") = "Hotel.Domain", "Hotel.Domain\Hotel.Domain.csproj", "{DE13C8EF-DC0E-474B-B1FD-9D4CA45E5751}"
EndProject
Project("{FAE04EC0-301F-11D3-BF4B-00C04F79EFBC}") = "Hotel.Api", "Hotel.Api\Hotel.Api.csproj", "{13C3F8E5-6EF4-4DD2-9A9F-9FBF2B5A0A2D}"
EndProject
Project("{FAE04EC0-301F-11D3-BF4B-00C04F79EFBC}") = "Hotel.Persistence", "Hotel.Persistence\Hotel.Persistence.csproj", "{DAC30FA3-0AF0-4230-A086-C4D5EF7523B7}"
EndProject
Project("{FAE04EC0-301F-11D3-BF4B-00C04F79EFBC}") = "HMS.DependencyInjection", "HMS.DependencyInjection\HMS.DependencyInjection.csproj", "{D298C8E2-28ED-420E-9F11-D55E8DF6A25F}"
EndProject
Project("{FAE04EC0-301F-11D3-BF4B-00C04F79EFBC}") = "Hotel", "Hotel\Hotel.csproj", "{8FAB9748-81A3-47B5-9762-FF8A056C6350}"
EndProject
Project("{2150E333-8FDC-42A3-9474-1A3956D46DE8}") = "Hotel-Context", "Hotel-Context", "{6DE70CEE-5C04-4C5E-A5C5-E41F111A81CE}"
EndProject
Project("{FAE04EC0-301F-11D3-BF4B-00C04F79EFBC}") = "HMS.Core.DataAccess", "HMS.Core.DataAccess\HMS.Core.DataAccess.csproj", "{DB5C5B72-5061-4460-8B4E-75238255AD48}"
EndProject
Global
	GlobalSection(SolutionConfigurationPlatforms) = preSolution
		Debug|Any CPU = Debug|Any CPU
		Release|Any CPU = Release|Any CPU
	EndGlobalSection
	GlobalSection(ProjectConfigurationPlatforms) = postSolution
		{13CBF644-8112-433B-BE58-CABA21E5A8AE}.Debug|Any CPU.ActiveCfg = Debug|Any CPU
		{13CBF644-8112-433B-BE58-CABA21E5A8AE}.Debug|Any CPU.Build.0 = Debug|Any CPU
		{13CBF644-8112-433B-BE58-CABA21E5A8AE}.Release|Any CPU.ActiveCfg = Release|Any CPU
		{13CBF644-8112-433B-BE58-CABA21E5A8AE}.Release|Any CPU.Build.0 = Release|Any CPU
		{DE13C8EF-DC0E-474B-B1FD-9D4CA45E5751}.Debug|Any CPU.ActiveCfg = Debug|Any CPU
		{DE13C8EF-DC0E-474B-B1FD-9D4CA45E5751}.Debug|Any CPU.Build.0 = Debug|Any CPU
		{DE13C8EF-DC0E-474B-B1FD-9D4CA45E5751}.Release|Any CPU.ActiveCfg = Release|Any CPU
		{DE13C8EF-DC0E-474B-B1FD-9D4CA45E5751}.Release|Any CPU.Build.0 = Release|Any CPU
		{13C3F8E5-6EF4-4DD2-9A9F-9FBF2B5A0A2D}.Debug|Any CPU.ActiveCfg = Debug|Any CPU
		{13C3F8E5-6EF4-4DD2-9A9F-9FBF2B5A0A2D}.Debug|Any CPU.Build.0 = Debug|Any CPU
		{13C3F8E5-6EF4-4DD2-9A9F-9FBF2B5A0A2D}.Release|Any CPU.ActiveCfg = Release|Any CPU
		{13C3F8E5-6EF4-4DD2-9A9F-9FBF2B5A0A2D}.Release|Any CPU.Build.0 = Release|Any CPU
		{DAC30FA3-0AF0-4230-A086-C4D5EF7523B7}.Debug|Any CPU.ActiveCfg = Debug|Any CPU
		{DAC30FA3-0AF0-4230-A086-C4D5EF7523B7}.Debug|Any CPU.Build.0 = Debug|Any CPU
		{DAC30FA3-0AF0-4230-A086-C4D5EF7523B7}.Release|Any CPU.ActiveCfg = Release|Any CPU
		{DAC30FA3-0AF0-4230-A086-C4D5EF7523B7}.Release|Any CPU.Build.0 = Release|Any CPU
		{D298C8E2-28ED-420E-9F11-D55E8DF6A25F}.Debug|Any CPU.ActiveCfg = Debug|Any CPU
		{D298C8E2-28ED-420E-9F11-D55E8DF6A25F}.Debug|Any CPU.Build.0 = Debug|Any CPU
		{D298C8E2-28ED-420E-9F11-D55E8DF6A25F}.Release|Any CPU.ActiveCfg = Release|Any CPU
		{D298C8E2-28ED-420E-9F11-D55E8DF6A25F}.Release|Any CPU.Build.0 = Release|Any CPU
		{8FAB9748-81A3-47B5-9762-FF8A056C6350}.Debug|Any CPU.ActiveCfg = Debug|Any CPU
		{8FAB9748-81A3-47B5-9762-FF8A056C6350}.Debug|Any CPU.Build.0 = Debug|Any CPU
		{8FAB9748-81A3-47B5-9762-FF8A056C6350}.Release|Any CPU.ActiveCfg = Release|Any CPU
		{8FAB9748-81A3-47B5-9762-FF8A056C6350}.Release|Any CPU.Build.0 = Release|Any CPU
		{DB5C5B72-5061-4460-8B4E-75238255AD48}.Debug|Any CPU.ActiveCfg = Debug|Any CPU
		{DB5C5B72-5061-4460-8B4E-75238255AD48}.Debug|Any CPU.Build.0 = Debug|Any CPU
		{DB5C5B72-5061-4460-8B4E-75238255AD48}.Release|Any CPU.ActiveCfg = Release|Any CPU
		{DB5C5B72-5061-4460-8B4E-75238255AD48}.Release|Any CPU.Build.0 = Release|Any CPU
	EndGlobalSection
	GlobalSection(SolutionProperties) = preSolution
		HideSolutionNode = FALSE
	EndGlobalSection
	GlobalSection(NestedProjects) = preSolution
		{DE13C8EF-DC0E-474B-B1FD-9D4CA45E5751} = {6DE70CEE-5C04-4C5E-A5C5-E41F111A81CE}
		{13C3F8E5-6EF4-4DD2-9A9F-9FBF2B5A0A2D} = {6DE70CEE-5C04-4C5E-A5C5-E41F111A81CE}
		{DAC30FA3-0AF0-4230-A086-C4D5EF7523B7} = {6DE70CEE-5C04-4C5E-A5C5-E41F111A81CE}
		{8FAB9748-81A3-47B5-9762-FF8A056C6350} = {6DE70CEE-5C04-4C5E-A5C5-E41F111A81CE}
	EndGlobalSection
EndGlobal
